
Microsoft Visual Studio Solution File, Format Version 12.00
# Visual Studio 14
VisualStudioVersion = 14.0.25420.1
MinimumVisualStudioVersion = 10.0.40219.1
Project("{FAE04EC0-301F-11D3-BF4B-00C04F79EFBC}") = "ProgFrog.Tests", "ProgFrog.Tests\ProgFrog.Tests.csproj", "{EDC952CB-C98F-42D0-BB68-2E2579B2BF1A}"
EndProject
Project("{FAE04EC0-301F-11D3-BF4B-00C04F79EFBC}") = "ProgFrog.Core", "ProgFrog.Core\ProgFrog.Core.csproj", "{3EBD17A2-14F9-49D7-8195-E96BC0E5DA2F}"
EndProject
Project("{FAE04EC0-301F-11D3-BF4B-00C04F79EFBC}") = "ProgFrog.WpfApp", "ProgFrog.WpfApp\ProgFrog.WpfApp.csproj", "{63C1FC9B-C748-4152-96A1-F9FFAAF28B5F}"
EndProject
Project("{FAE04EC0-301F-11D3-BF4B-00C04F79EFBC}") = "ProgFrog.Interface", "ProgFrog.Interface\ProgFrog.Interface.csproj", "{C15CAB14-F6A3-4401-8573-76D54E72C650}"
EndProject
Project("{FAE04EC0-301F-11D3-BF4B-00C04F79EFBC}") = "ProgFrog.IoC", "ProgFrog.IoC\ProgFrog.IoC.csproj", "{806F78AB-7318-4705-969D-41957D5059C3}"
EndProject
Project("{FAE04EC0-301F-11D3-BF4B-00C04F79EFBC}") = "ProgFrog.WebApi", "ProgFrog.WebApi\ProgFrog.WebApi.csproj", "{D3A08ED8-C121-432F-880D-39764358A556}"
EndProject
Global
	GlobalSection(SolutionConfigurationPlatforms) = preSolution
		Debug|Any CPU = Debug|Any CPU
		Release|Any CPU = Release|Any CPU
	EndGlobalSection
	GlobalSection(ProjectConfigurationPlatforms) = postSolution
		{EDC952CB-C98F-42D0-BB68-2E2579B2BF1A}.Debug|Any CPU.ActiveCfg = Debug|Any CPU
		{EDC952CB-C98F-42D0-BB68-2E2579B2BF1A}.Debug|Any CPU.Build.0 = Debug|Any CPU
		{EDC952CB-C98F-42D0-BB68-2E2579B2BF1A}.Release|Any CPU.ActiveCfg = Release|Any CPU
		{EDC952CB-C98F-42D0-BB68-2E2579B2BF1A}.Release|Any CPU.Build.0 = Release|Any CPU
		{3EBD17A2-14F9-49D7-8195-E96BC0E5DA2F}.Debug|Any CPU.ActiveCfg = Debug|Any CPU
		{3EBD17A2-14F9-49D7-8195-E96BC0E5DA2F}.Debug|Any CPU.Build.0 = Debug|Any CPU
		{3EBD17A2-14F9-49D7-8195-E96BC0E5DA2F}.Release|Any CPU.ActiveCfg = Release|Any CPU
		{3EBD17A2-14F9-49D7-8195-E96BC0E5DA2F}.Release|Any CPU.Build.0 = Release|Any CPU
		{63C1FC9B-C748-4152-96A1-F9FFAAF28B5F}.Debug|Any CPU.ActiveCfg = Debug|Any CPU
		{63C1FC9B-C748-4152-96A1-F9FFAAF28B5F}.Debug|Any CPU.Build.0 = Debug|Any CPU
		{63C1FC9B-C748-4152-96A1-F9FFAAF28B5F}.Release|Any CPU.ActiveCfg = Release|Any CPU
		{63C1FC9B-C748-4152-96A1-F9FFAAF28B5F}.Release|Any CPU.Build.0 = Release|Any CPU
		{C15CAB14-F6A3-4401-8573-76D54E72C650}.Debug|Any CPU.ActiveCfg = Debug|Any CPU
		{C15CAB14-F6A3-4401-8573-76D54E72C650}.Debug|Any CPU.Build.0 = Debug|Any CPU
		{C15CAB14-F6A3-4401-8573-76D54E72C650}.Release|Any CPU.ActiveCfg = Release|Any CPU
		{C15CAB14-F6A3-4401-8573-76D54E72C650}.Release|Any CPU.Build.0 = Release|Any CPU
		{806F78AB-7318-4705-969D-41957D5059C3}.Debug|Any CPU.ActiveCfg = Debug|Any CPU
		{806F78AB-7318-4705-969D-41957D5059C3}.Debug|Any CPU.Build.0 = Debug|Any CPU
		{806F78AB-7318-4705-969D-41957D5059C3}.Release|Any CPU.ActiveCfg = Release|Any CPU
		{806F78AB-7318-4705-969D-41957D5059C3}.Release|Any CPU.Build.0 = Release|Any CPU
		{D3A08ED8-C121-432F-880D-39764358A556}.Debug|Any CPU.ActiveCfg = Debug|Any CPU
		{D3A08ED8-C121-432F-880D-39764358A556}.Debug|Any CPU.Build.0 = Debug|Any CPU
		{D3A08ED8-C121-432F-880D-39764358A556}.Release|Any CPU.ActiveCfg = Release|Any CPU
		{D3A08ED8-C121-432F-880D-39764358A556}.Release|Any CPU.Build.0 = Release|Any CPU
	EndGlobalSection
	GlobalSection(SolutionProperties) = preSolution
		HideSolutionNode = FALSE
	EndGlobalSection
EndGlobal
